// !$*UTF8*$!
{
	archiveVersion = 1;
	classes = {
	};
	objectVersion = 50;
	objects = {

/* Begin PBXBuildFile section */
		8914434921FC66B300CC609F /* AppDelegate.swift in Sources */ = {isa = PBXBuildFile; fileRef = 8914434821FC66B300CC609F /* AppDelegate.swift */; };
		8914434B21FC66B300CC609F /* ViewController.swift in Sources */ = {isa = PBXBuildFile; fileRef = 8914434A21FC66B300CC609F /* ViewController.swift */; };
		8914434E21FC66B300CC609F /* Main.storyboard in Resources */ = {isa = PBXBuildFile; fileRef = 8914434C21FC66B300CC609F /* Main.storyboard */; };
		8914435021FC66B500CC609F /* Assets.xcassets in Resources */ = {isa = PBXBuildFile; fileRef = 8914434F21FC66B500CC609F /* Assets.xcassets */; };
		8914435321FC66B500CC609F /* LaunchScreen.storyboard in Resources */ = {isa = PBXBuildFile; fileRef = 8914435121FC66B500CC609F /* LaunchScreen.storyboard */; };
		E143E892CC6E6B65AD7BE746 /* Pods_AutoComplete_TextField.framework in Frameworks */ = {isa = PBXBuildFile; fileRef = EEEF6244153F78076B083B5C /* Pods_AutoComplete_TextField.framework */; };
/* End PBXBuildFile section */

/* Begin PBXFileReference section */
		1409A2F8B3858679890DB327 /* Pods-AutoComplete TextField.debug.xcconfig */ = {isa = PBXFileReference; includeInIndex = 1; lastKnownFileType = text.xcconfig; name = "Pods-AutoComplete TextField.debug.xcconfig"; path = "Pods/Target Support Files/Pods-AutoComplete TextField/Pods-AutoComplete TextField.debug.xcconfig"; sourceTree = "<group>"; };
		8914434521FC66B300CC609F /* AutoComplete TextField.app */ = {isa = PBXFileReference; explicitFileType = wrapper.application; includeInIndex = 0; path = "AutoComplete TextField.app"; sourceTree = BUILT_PRODUCTS_DIR; };
		8914434821FC66B300CC609F /* AppDelegate.swift */ = {isa = PBXFileReference; lastKnownFileType = sourcecode.swift; path = AppDelegate.swift; sourceTree = "<group>"; };
		8914434A21FC66B300CC609F /* ViewController.swift */ = {isa = PBXFileReference; lastKnownFileType = sourcecode.swift; path = ViewController.swift; sourceTree = "<group>"; };
		8914434D21FC66B300CC609F /* Base */ = {isa = PBXFileReference; lastKnownFileType = file.storyboard; name = Base; path = Base.lproj/Main.storyboard; sourceTree = "<group>"; };
		8914434F21FC66B500CC609F /* Assets.xcassets */ = {isa = PBXFileReference; lastKnownFileType = folder.assetcatalog; path = Assets.xcassets; sourceTree = "<group>"; };
		8914435221FC66B500CC609F /* Base */ = {isa = PBXFileReference; lastKnownFileType = file.storyboard; name = Base; path = Base.lproj/LaunchScreen.storyboard; sourceTree = "<group>"; };
		8914435421FC66B500CC609F /* Info.plist */ = {isa = PBXFileReference; lastKnownFileType = text.plist.xml; path = Info.plist; sourceTree = "<group>"; };
		E3C6D24FB298E0CAF4C92528 /* Pods-AutoComplete TextField.release.xcconfig */ = {isa = PBXFileReference; includeInIndex = 1; lastKnownFileType = text.xcconfig; name = "Pods-AutoComplete TextField.release.xcconfig"; path = "Pods/Target Support Files/Pods-AutoComplete TextField/Pods-AutoComplete TextField.release.xcconfig"; sourceTree = "<group>"; };
		EEEF6244153F78076B083B5C /* Pods_AutoComplete_TextField.framework */ = {isa = PBXFileReference; explicitFileType = wrapper.framework; includeInIndex = 0; path = Pods_AutoComplete_TextField.framework; sourceTree = BUILT_PRODUCTS_DIR; };
/* End PBXFileReference section */

/* Begin PBXFrameworksBuildPhase section */
		8914434221FC66B300CC609F /* Frameworks */ = {
			isa = PBXFrameworksBuildPhase;
			buildActionMask = 2147483647;
			files = (
				E143E892CC6E6B65AD7BE746 /* Pods_AutoComplete_TextField.framework in Frameworks */,
			);
			runOnlyForDeploymentPostprocessing = 0;
		};
/* End PBXFrameworksBuildPhase section */

/* Begin PBXGroup section */
		6EE8197959406DB15213A93A /* Pods */ = {
			isa = PBXGroup;
			children = (
				1409A2F8B3858679890DB327 /* Pods-AutoComplete TextField.debug.xcconfig */,
				E3C6D24FB298E0CAF4C92528 /* Pods-AutoComplete TextField.release.xcconfig */,
			);
			name = Pods;
			sourceTree = "<group>";
		};
		8914433C21FC66B300CC609F = {
			isa = PBXGroup;
			children = (
				8914434721FC66B300CC609F /* AutoComplete TextField */,
				8914434621FC66B300CC609F /* Products */,
				6EE8197959406DB15213A93A /* Pods */,
				BE9E8749AE6A5F122E1A0E3D /* Frameworks */,
			);
			sourceTree = "<group>";
		};
		8914434621FC66B300CC609F /* Products */ = {
			isa = PBXGroup;
			children = (
				8914434521FC66B300CC609F /* AutoComplete TextField.app */,
			);
			name = Products;
			sourceTree = "<group>";
		};
		8914434721FC66B300CC609F /* AutoComplete TextField */ = {
			isa = PBXGroup;
			children = (
				8914434821FC66B300CC609F /* AppDelegate.swift */,
				8914434A21FC66B300CC609F /* ViewController.swift */,
				8914434C21FC66B300CC609F /* Main.storyboard */,
				8914434F21FC66B500CC609F /* Assets.xcassets */,
				8914435121FC66B500CC609F /* LaunchScreen.storyboard */,
				8914435421FC66B500CC609F /* Info.plist */,
			);
			path = "AutoComplete TextField";
			sourceTree = "<group>";
		};
		BE9E8749AE6A5F122E1A0E3D /* Frameworks */ = {
			isa = PBXGroup;
			children = (
				EEEF6244153F78076B083B5C /* Pods_AutoComplete_TextField.framework */,
			);
			name = Frameworks;
			sourceTree = "<group>";
		};
/* End PBXGroup section */

/* Begin PBXNativeTarget section */
		8914434421FC66B300CC609F /* AutoComplete TextField */ = {
			isa = PBXNativeTarget;
			buildConfigurationList = 8914435721FC66B500CC609F /* Build configuration list for PBXNativeTarget "AutoComplete TextField" */;
			buildPhases = (
				04EEEEA79D1156E84D029A04 /* [CP] Check Pods Manifest.lock */,
				8914434121FC66B300CC609F /* Sources */,
				8914434221FC66B300CC609F /* Frameworks */,
				8914434321FC66B300CC609F /* Resources */,
				214998BD9557A24606689775 /* [CP] Embed Pods Frameworks */,
			);
			buildRules = (
			);
			dependencies = (
			);
			name = "AutoComplete TextField";
			productName = "AutoComplete TextField";
			productReference = 8914434521FC66B300CC609F /* AutoComplete TextField.app */;
			productType = "com.apple.product-type.application";
		};
/* End PBXNativeTarget section */

/* Begin PBXProject section */
		8914433D21FC66B300CC609F /* Project object */ = {
			isa = PBXProject;
			attributes = {
				LastSwiftUpdateCheck = 1000;
				LastUpgradeCheck = 1000;
				ORGANIZATIONNAME = "Prashant G";
				TargetAttributes = {
					8914434421FC66B300CC609F = {
						CreatedOnToolsVersion = 10.0;
					};
				};
			};
			buildConfigurationList = 8914434021FC66B300CC609F /* Build configuration list for PBXProject "AutoComplete TextField" */;
			compatibilityVersion = "Xcode 9.3";
			developmentRegion = en;
			hasScannedForEncodings = 0;
			knownRegions = (
				en,
				Base,
			);
			mainGroup = 8914433C21FC66B300CC609F;
			productRefGroup = 8914434621FC66B300CC609F /* Products */;
			projectDirPath = "";
			projectRoot = "";
			targets = (
				8914434421FC66B300CC609F /* AutoComplete TextField */,
			);
		};
/* End PBXProject section */

/* Begin PBXResourcesBuildPhase section */
		8914434321FC66B300CC609F /* Resources */ = {
			isa = PBXResourcesBuildPhase;
			buildActionMask = 2147483647;
			files = (
				8914435321FC66B500CC609F /* LaunchScreen.storyboard in Resources */,
				8914435021FC66B500CC609F /* Assets.xcassets in Resources */,
				8914434E21FC66B300CC609F /* Main.storyboard in Resources */,
			);
			runOnlyForDeploymentPostprocessing = 0;
		};
/* End PBXResourcesBuildPhase section */

/* Begin PBXShellScriptBuildPhase section */
		04EEEEA79D1156E84D029A04 /* [CP] Check Pods Manifest.lock */ = {
			isa = PBXShellScriptBuildPhase;
			buildActionMask = 2147483647;
			files = (
			);
			inputPaths = (
				"${PODS_PODFILE_DIR_PATH}/Podfile.lock",
				"${PODS_ROOT}/Manifest.lock",
			);
			name = "[CP] Check Pods Manifest.lock";
			outputPaths = (
				"$(DERIVED_FILE_DIR)/Pods-AutoComplete TextField-checkManifestLockResult.txt",
			);
			runOnlyForDeploymentPostprocessing = 0;
			shellPath = /bin/sh;
			shellScript = "diff \"${PODS_PODFILE_DIR_PATH}/Podfile.lock\" \"${PODS_ROOT}/Manifest.lock\" > /dev/null\nif [ $? != 0 ] ; then\n    # print error to STDERR\n    echo \"error: The sandbox is not in sync with the Podfile.lock. Run 'pod install' or update your CocoaPods installation.\" >&2\n    exit 1\nfi\n# This output is used by Xcode 'outputs' to avoid re-running this script phase.\necho \"SUCCESS\" > \"${SCRIPT_OUTPUT_FILE_0}\"\n";
			showEnvVarsInLog = 0;
		};
		214998BD9557A24606689775 /* [CP] Embed Pods Frameworks */ = {
			isa = PBXShellScriptBuildPhase;
			buildActionMask = 2147483647;
			files = (
			);
			inputPaths = (
				"${SRCROOT}/Pods/Target Support Files/Pods-AutoComplete TextField/Pods-AutoComplete TextField-frameworks.sh",
				"${BUILT_PRODUCTS_DIR}/SearchTextField/SearchTextField.framework",
			);
			name = "[CP] Embed Pods Frameworks";
			outputPaths = (
				"${TARGET_BUILD_DIR}/${FRAMEWORKS_FOLDER_PATH}/SearchTextField.framework",
			);
			runOnlyForDeploymentPostprocessing = 0;
			shellPath = /bin/sh;
			shellScript = "\"${SRCROOT}/Pods/Target Support Files/Pods-AutoComplete TextField/Pods-AutoComplete TextField-frameworks.sh\"\n";
			showEnvVarsInLog = 0;
		};
/* End PBXShellScriptBuildPhase section */

/* Begin PBXSourcesBuildPhase section */
		8914434121FC66B300CC609F /* Sources */ = {
			isa = PBXSourcesBuildPhase;
			buildActionMask = 2147483647;
			files = (
				8914434B21FC66B300CC609F /* ViewController.swift in Sources */,
				8914434921FC66B300CC609F /* AppDelegate.swift in Sources */,
			);
			runOnlyForDeploymentPostprocessing = 0;
		};
/* End PBXSourcesBuildPhase section */

/* Begin PBXVariantGroup section */
		8914434C21FC66B300CC609F /* Main.storyboard */ = {
			isa = PBXVariantGroup;
			children = (
				8914434D21FC66B300CC609F /* Base */,
			);
			name = Main.storyboard;
			sourceTree = "<group>";
		};
		8914435121FC66B500CC609F /* LaunchScreen.storyboard */ = {
			isa = PBXVariantGroup;
			children = (
				8914435221FC66B500CC609F /* Base */,
			);
			name = LaunchScreen.storyboard;
			sourceTree = "<group>";
		};
/* End PBXVariantGroup section */

/* Begin XCBuildConfiguration section */
		8914435521FC66B500CC609F /* Debug */ = {
			isa = XCBuildConfiguration;
			buildSettings = {
				ALWAYS_SEARCH_USER_PATHS = NO;
				CLANG_ANALYZER_NONNULL = YES;
				CLANG_ANALYZER_NUMBER_OBJECT_CONVERSION = YES_AGGRESSIVE;
				CLANG_CXX_LANGUAGE_STANDARD = "gnu++14";
				CLANG_CXX_LIBRARY = "libc++";
				CLANG_ENABLE_MODULES = YES;
				CLANG_ENABLE_OBJC_ARC = YES;
				CLANG_ENABLE_OBJC_WEAK = YES;
				CLANG_WARN_BLOCK_CAPTURE_AUTORELEASING = YES;
				CLANG_WARN_BOOL_CONVERSION = YES;
				CLANG_WARN_COMMA = YES;
				CLANG_WARN_CONSTANT_CONVERSION = YES;
				CLANG_WARN_DEPRECATED_OBJC_IMPLEMENTATIONS = YES;
				CLANG_WARN_DIRECT_OBJC_ISA_USAGE = YES_ERROR;
				CLANG_WARN_DOCUMENTATION_COMMENTS = YES;
				CLANG_WARN_EMPTY_BODY = YES;
				CLANG_WARN_ENUM_CONVERSION = YES;
				CLANG_WARN_INFINITE_RECURSION = YES;
				CLANG_WARN_INT_CONVERSION = YES;
				CLANG_WARN_NON_LITERAL_NULL_CONVERSION = YES;
				CLANG_WARN_OBJC_IMPLICIT_RETAIN_SELF = YES;
				CLANG_WARN_OBJC_LITERAL_CONVERSION = YES;
				CLANG_WARN_OBJC_ROOT_CLASS = YES_ERROR;
				CLANG_WARN_RANGE_LOOP_ANALYSIS = YES;
				CLANG_WARN_STRICT_PROTOTYPES = YES;
				CLANG_WARN_SUSPICIOUS_MOVE = YES;
				CLANG_WARN_UNGUARDED_AVAILABILITY = YES_AGGRESSIVE;
				CLANG_WARN_UNREACHABLE_CODE = YES;
				CLANG_WARN__DUPLICATE_METHOD_MATCH = YES;
				CODE_SIGN_IDENTITY = "iPhone Developer";
				COPY_PHASE_STRIP = NO;
				DEBUG_INFORMATION_FORMAT = dwarf;
				ENABLE_STRICT_OBJC_MSGSEND = YES;
				ENABLE_TESTABILITY = YES;
				GCC_C_LANGUAGE_STANDARD = gnu11;
				GCC_DYNAMIC_NO_PIC = NO;
				GCC_NO_COMMON_BLOCKS = YES;
				GCC_OPTIMIZATION_LEVEL = 0;
				GCC_PREPROCESSOR_DEFINITIONS = (
					"DEBUG=1",
					"$(inherited)",
				);
				GCC_WARN_64_TO_32_BIT_CONVERSION = YES;
				GCC_WARN_ABOUT_RETURN_TYPE = YES_ERROR;
				GCC_WARN_UNDECLARED_SELECTOR = YES;
				GCC_WARN_UNINITIALIZED_AUTOS = YES_AGGRESSIVE;
				GCC_WARN_UNUSED_FUNCTION = YES;
				GCC_WARN_UNUSED_VARIABLE = YES;
				IPHONEOS_DEPLOYMENT_TARGET = 12.0;
				MTL_ENABLE_DEBUG_INFO = INCLUDE_SOURCE;
				MTL_FAST_MATH = YES;
				ONLY_ACTIVE_ARCH = YES;
				SDKROOT = iphoneos;
				SWIFT_ACTIVE_COMPILATION_CONDITIONS = DEBUG;
				SWIFT_OPTIMIZATION_LEVEL = "-Onone";
			};
			name = Debug;
		};
		8914435621FC66B500CC609F /* Release */ = {
			isa = XCBuildConfiguration;
			buildSettings = {
				ALWAYS_SEARCH_USER_PATHS = NO;
				CLANG_ANALYZER_NONNULL = YES;
				CLANG_ANALYZER_NUMBER_OBJECT_CONVERSION = YES_AGGRESSIVE;
				CLANG_CXX_LANGUAGE_STANDARD = "gnu++14";
				CLANG_CXX_LIBRARY = "libc++";
				CLANG_ENABLE_MODULES = YES;
				CLANG_ENABLE_OBJC_ARC = YES;
				CLANG_ENABLE_OBJC_WEAK = YES;
				CLANG_WARN_BLOCK_CAPTURE_AUTORELEASING = YES;
				CLANG_WARN_BOOL_CONVERSION = YES;
				CLANG_WARN_COMMA = YES;
				CLANG_WARN_CONSTANT_CONVERSION = YES;
				CLANG_WARN_DEPRECATED_OBJC_IMPLEMENTATIONS = YES;
				CLANG_WARN_DIRECT_OBJC_ISA_USAGE = YES_ERROR;
				CLANG_WARN_DOCUMENTATION_COMMENTS = YES;
				CLANG_WARN_EMPTY_BODY = YES;
				CLANG_WARN_ENUM_CONVERSION = YES;
				CLANG_WARN_INFINITE_RECURSION = YES;
				CLANG_WARN_INT_CONVERSION = YES;
				CLANG_WARN_NON_LITERAL_NULL_CONVERSION = YES;
				CLANG_WARN_OBJC_IMPLICIT_RETAIN_SELF = YES;
				CLANG_WARN_OBJC_LITERAL_CONVERSION = YES;
				CLANG_WARN_OBJC_ROOT_CLASS = YES_ERROR;
				CLANG_WARN_RANGE_LOOP_ANALYSIS = YES;
				CLANG_WARN_STRICT_PROTOTYPES = YES;
				CLANG_WARN_SUSPICIOUS_MOVE = YES;
				CLANG_WARN_UNGUARDED_AVAILABILITY = YES_AGGRESSIVE;
				CLANG_WARN_UNREACHABLE_CODE = YES;
				CLANG_WARN__DUPLICATE_METHOD_MATCH = YES;
				CODE_SIGN_IDENTITY = "iPhone Developer";
				COPY_PHASE_STRIP = NO;
				DEBUG_INFORMATION_FORMAT = "dwarf-with-dsym";
				ENABLE_NS_ASSERTIONS = NO;
				ENABLE_STRICT_OBJC_MSGSEND = YES;
				GCC_C_LANGUAGE_STANDARD = gnu11;
				GCC_NO_COMMON_BLOCKS = YES;
				GCC_WARN_64_TO_32_BIT_CONVERSION = YES;
				GCC_WARN_ABOUT_RETURN_TYPE = YES_ERROR;
				GCC_WARN_UNDECLARED_SELECTOR = YES;
				GCC_WARN_UNINITIALIZED_AUTOS = YES_AGGRESSIVE;
				GCC_WARN_UNUSED_FUNCTION = YES;
				GCC_WARN_UNUSED_VARIABLE = YES;
				IPHONEOS_DEPLOYMENT_TARGET = 12.0;
				MTL_ENABLE_DEBUG_INFO = NO;
				MTL_FAST_MATH = YES;
				SDKROOT = iphoneos;
				SWIFT_COMPILATION_MODE = wholemodule;
				SWIFT_OPTIMIZATION_LEVEL = "-O";
				VALIDATE_PRODUCT = YES;
			};
			name = Release;
		};
		8914435821FC66B500CC609F /* Debug */ = {
			isa = XCBuildConfiguration;
			baseConfigurationReference = 1409A2F8B3858679890DB327 /* Pods-AutoComplete TextField.debug.xcconfig */;
			buildSettings = {
				ASSETCATALOG_COMPILER_APPICON_NAME = AppIcon;
				CODE_SIGN_STYLE = Automatic;
				DEVELOPMENT_TEAM = H28X75MLUY;
				INFOPLIST_FILE = "AutoComplete TextField/Info.plist";
				LD_RUNPATH_SEARCH_PATHS = (
					"$(inherited)",
					"@executable_path/Frameworks",
				);
				PRODUCT_BUNDLE_IDENTIFIER = "com.prashantg.AutoComplete-TextField";
				PRODUCT_NAME = "$(TARGET_NAME)";
				SWIFT_VERSION = 4.2;
				TARGETED_DEVICE_FAMILY = "1,2";
			};
			name = Debug;
		};
		8914435921FC66B500CC609F /* Release */ = {
			isa = XCBuildConfiguration;
			baseConfigurationReference = E3C6D24FB298E0CAF4C92528 /* Pods-AutoComplete TextField.release.xcconfig */;
			buildSettings = {
				ASSETCATALOG_COMPILER_APPICON_NAME = AppIcon;
				CODE_SIGN_STYLE = Automatic;
				DEVELOPMENT_TEAM = H28X75MLUY;
				INFOPLIST_FILE = "AutoComplete TextField/Info.plist";
				LD_RUNPATH_SEARCH_PATHS = (
					"$(inherited)",
					"@executable_path/Frameworks",
				);
				PRODUCT_BUNDLE_IDENTIFIER = "com.prashantg.AutoComplete-TextField";
				PRODUCT_NAME = "$(TARGET_NAME)";
				SWIFT_VERSION = 4.2;
				TARGETED_DEVICE_FAMILY = "1,2";
			};
			name = Release;
		};
/* End XCBuildConfiguration section */

/* Begin XCConfigurationList section */
		8914434021FC66B300CC609F /* Build configuration list for PBXProject "AutoComplete TextField" */ = {
			isa = XCConfigurationList;
			buildConfigurations = (
				8914435521FC66B500CC609F /* Debug */,
				8914435621FC66B500CC609F /* Release */,
			);
			defaultConfigurationIsVisible = 0;
			defaultConfigurationName = Release;
		};
		8914435721FC66B500CC609F /* Build configuration list for PBXNativeTarget "AutoComplete TextField" */ = {
			isa = XCConfigurationList;
			buildConfigurations = (
				8914435821FC66B500CC609F /* Debug */,
				8914435921FC66B500CC609F /* Release */,
			);
			defaultConfigurationIsVisible = 0;
			defaultConfigurationName = Release;
		};
/* End XCConfigurationList section */
	};
	rootObject = 8914433D21FC66B300CC609F /* Project object */;
}
